
Microsoft Visual Studio Solution File, Format Version 12.00
# Visual Studio Version 16
VisualStudioVersion = 16.0.30711.63
MinimumVisualStudioVersion = 10.0.40219.1
Project("{FAE04EC0-301F-11D3-BF4B-00C04F79EFBC}") = "dsproject", "dsproject.csproj", "{F06C196C-AE63-4162-A53A-6C67CE06B5B1}"
EndProject
Global
	GlobalSection(SolutionConfigurationPlatforms) = preSolution
		Debug|Any CPU = Debug|Any CPU
		Release|Any CPU = Release|Any CPU
	EndGlobalSection
	GlobalSection(ProjectConfigurationPlatforms) = postSolution
		{F06C196C-AE63-4162-A53A-6C67CE06B5B1}.Debug|Any CPU.ActiveCfg = Debug|Any CPU
		{F06C196C-AE63-4162-A53A-6C67CE06B5B1}.Debug|Any CPU.Build.0 = Debug|Any CPU
		{F06C196C-AE63-4162-A53A-6C67CE06B5B1}.Release|Any CPU.ActiveCfg = Release|Any CPU
		{F06C196C-AE63-4162-A53A-6C67CE06B5B1}.Release|Any CPU.Build.0 = Release|Any CPU
	EndGlobalSection
	GlobalSection(SolutionProperties) = preSolution
		HideSolutionNode = FALSE
	EndGlobalSection
	GlobalSection(ExtensibilityGlobals) = postSolution
		SolutionGuid = {071A2E72-4580-448E-B757-5090FE002E08}
	EndGlobalSection
EndGlobal
